<?xml version="1.0" encoding="UTF-8" standalone="yes" ?>
<CodeBlocks_project_file>
	<FileVersion major="1" minor="6" />
	<Project>
		<Option title="Wrapl" />
		<Option pch_mode="2" />
		<Option compiler="gnu_gcc_compiler_riva" />
		<Build>
			<Target title="Debug">
				<Option output="../../../lib/Wrapl.riva" prefix_auto="0" extension_auto="0" />
				<Option object_output=".objs/debug/" />
				<Option external_deps="exports.rdef;" />
				<Option type="1" />
				<Option compiler="gnu_gcc_compiler_riva" />
				<Compiler>
					<Add option="-g" />
				</Compiler>
			</Target>
			<Target title="Release">
				<Option output="../../../lib/Wrapl.riva" prefix_auto="0" extension_auto="0" />
				<Option object_output=".objs/release/" />
				<Option external_deps="exports.rdef;" />
				<Option type="1" />
				<Option compiler="gnu_gcc_compiler_riva" />
				<Compiler>
					<Add option="-march=pentium-m" />
					<Add option="-fexpensive-optimizations" />
					<Add option="-O3" />
					<Add option="-fomit-frame-pointer" />
				</Compiler>
				<Linker>
					<Add option="-s" />
				</Linker>
			</Target>
		</Build>
		<Compiler>
			<Add option="-Wall" />
			<Add option="-x c++" />
			<Add option="-fno-rtti" />
			<Add option="-Wno-non-virtual-dtor" />
			<Add option="-fpermissive" />
		</Compiler>
		<Linker>
			<Add library="exports.rdef" />
			<Add library="libc.rlib" />
			<Add library="libgcc.rlib" />
			<Add library="Riva.rlib" />
			<Add library="Lang.rlib" />
			<Add library="../../../dev/lib/Util/IntegerTable.rlib" />
			<Add library="../../../dev/lib/Util/ObjectTable.rlib" />
			<Add library="../../../dev/lib/Util/StringTable.rlib" />
			<Add library="../../../dev/lib/Util/TypeTable.rlib" />
			<Add library="../../../dev/lib/IO/File.rlib" />
			<Add library="../../../dev/lib/IO/Posix.rlib" />
			<Add library="../../../dev/lib/IO/Stream.rlib" />
			<Add library="../../../dev/lib/IO/Terminal.rlib" />
			<Add library="../../../dev/lib/Sys/Module.rlib" />
			<Add library="/usr/local/lib/libudis86.a" />
		</Linker>
		<Unit filename="assembler-internal.dasc">
			<Option compile="1" />
			<Option weight="25" />
			<Option compiler="gnu_gcc_compiler_riva" use="1" buildCommand="lua dynasm.lua assembler-internal.dasc &gt; assembler-internal.c" />
		</Unit>
		<Unit filename="assembler.c">
			<Option compilerVar="CC" />
		</Unit>
		<Unit filename="assembler.h" />
		<Unit filename="bitset.c">
			<Option compilerVar="CC" />
		</Unit>
		<Unit filename="bitset.h" />
		<Unit filename="compiler.c">
			<Option compilerVar="CC" />
		</Unit>
		<Unit filename="compiler.h" />
		<Unit filename="exports.rdef" />
		<Unit filename="integertable.asm">
			<Option compile="1" />
			<Option link="1" />
			<Option compiler="gnu_gcc_compiler_riva" use="1" buildCommand="nasm -felf -DLINUX -o $object $file" />
		</Unit>
		<Unit filename="integertable.h" />
		<Unit filename="keywords.lst">
			<Option compile="1" />
			<Option weight="25" />
			<Option compiler="gnu_gcc_compiler_riva" use="1" buildCommand="gperf -S 3 -L C++ -C -t -K Name -Z keyword -H hash -N lookup $file &gt; keywords.c" />
		</Unit>
		<Unit filename="parser.c">
			<Option compilerVar="CC" />
			<Option weight="25" />
		</Unit>
		<Unit filename="parser.h" />
		<Unit filename="scanner.c">
			<Option compilerVar="CC" />
		</Unit>
		<Unit filename="scanner.h" />
		<Unit filename="stringtable.asm">
			<Option compile="1" />
			<Option link="1" />
			<Option compiler="gnu_gcc_compiler_riva" use="1" buildCommand="nasm -felf -DLINUX -o $object $file" />
		</Unit>
		<Unit filename="stringtable.h" />
		<Unit filename="system.asm">
			<Option compile="1" />
			<Option link="1" />
			<Option compiler="gnu_gcc_compiler_riva" use="1" buildCommand="nasm -I$ASMINC -felf -DLINUX -o $object $file" />
		</Unit>
		<Unit filename="system.h" />
		<Unit filename="wrapl.c">
			<Option compilerVar="CC" />
		</Unit>
		<Extensions>
			<code_completion />
		</Extensions>
	</Project>
</CodeBlocks_project_file>
