<?xml version="1.0" encoding="UTF-8" standalone="yes" ?>
<CodeBlocks_project_file>
	<FileVersion major="1" minor="6" />
	<Project>
		<Option title="Gdk" />
		<Option pch_mode="2" />
		<Option compiler="gnu_gcc_compiler_riva" />
		<Build>
			<Target title="Image">
				<Option output="../../../../lib/Gtk/Gdk/Image.riva" prefix_auto="0" extension_auto="0" />
				<Option external_deps="Image.rdef;" />
				<Option type="0" />
				<Option compiler="gnu_gcc_compiler_riva" />
			</Target>
			<Target title="Display">
				<Option output="../../../../lib/Gtk/Gdk/Display.riva" prefix_auto="0" extension_auto="0" />
				<Option external_deps="Display.rdef;" />
				<Option type="0" />
				<Option compiler="gnu_gcc_compiler_riva" />
			</Target>
			<Target title="Pixbuf">
				<Option output="../../../../lib/Gtk/Gdk/Pixbuf.riva" prefix_auto="0" extension_auto="0" />
				<Option external_deps="Pixbuf.rdef;" />
				<Option type="0" />
				<Option compiler="gnu_gcc_compiler_riva" />
			</Target>
			<Target title="Cursor">
				<Option output="../../../../lib/Gtk/Gdk/Cursor.riva" prefix_auto="0" extension_auto="0" />
				<Option external_deps="Cursor.rdef;" />
				<Option type="0" />
				<Option compiler="gnu_gcc_compiler_riva" />
			</Target>
			<Target title="Window">
				<Option output="../../../../lib/Gtk/Gdk/Window.riva" prefix_auto="0" extension_auto="0" />
				<Option external_deps="Window.rdef;" />
				<Option type="0" />
				<Option compiler="gnu_gcc_compiler_riva" />
			</Target>
			<Target title="Event">
				<Option output="../../../../lib/Gtk/Gdk/Event.riva" prefix_auto="0" extension_auto="0" />
				<Option external_deps="Event.rdef;" />
				<Option type="0" />
				<Option compiler="gnu_gcc_compiler_riva" />
			</Target>
			<Target title="Font">
				<Option output="../../../../lib/Gtk/Gdk/Font.riva" prefix_auto="0" extension_auto="0" />
				<Option external_deps="Font.rdef;" />
				<Option type="0" />
				<Option compiler="gnu_gcc_compiler_riva" />
			</Target>
			<Target title="Drawable">
				<Option output="../../../../lib/Gtk/Gdk/Drawable.riva" prefix_auto="0" extension_auto="0" />
				<Option external_deps="Drawable.rdef;" />
				<Option type="0" />
				<Option compiler="gnu_gcc_compiler_riva" />
			</Target>
			<Target title="GC">
				<Option output="../../../../lib/Gtk/Gdk/GC.riva" prefix_auto="0" extension_auto="0" />
				<Option external_deps="GC.rdef;" />
				<Option type="0" />
				<Option compiler="gnu_gcc_compiler_riva" />
			</Target>
			<Target title="Color">
				<Option output="../../../../lib/Gtk/Gdk/Color.riva" prefix_auto="0" extension_auto="0" />
				<Option external_deps="Color.rdef;" />
				<Option type="0" />
				<Option compiler="gnu_gcc_compiler_riva" />
			</Target>
		</Build>
		<Compiler>
			<Add option="-Wall" />
		</Compiler>
		<Extensions>
			<code_completion />
		</Extensions>
	</Project>
</CodeBlocks_project_file>
